// !$*UTF8*$!
{ archiveVersion = 1; classes = {}; objectVersion = 56; objects = {
833FE3B449224679D85B042E = { isa = PBXFileReference; lastKnownFileType = sourcecode.swift; path = "Sources/PaneHarbor/App/ExternalOpenAppDelegate.swift"; sourceTree = SOURCE_ROOT; };
2DDC2D1948192DA11962F3AA = { isa = PBXBuildFile; fileRef = 833FE3B449224679D85B042E; };
390F3CDBF8D1FACDEDBD17F2 = { isa = PBXFileReference; lastKnownFileType = sourcecode.swift; path = "Sources/PaneHarbor/App/PaneHarborApp.swift"; sourceTree = SOURCE_ROOT; };
0645451EB1D41EEBAB0F3797 = { isa = PBXBuildFile; fileRef = 390F3CDBF8D1FACDEDBD17F2; };
B9C9846EC327F4C9CD971204 = { isa = PBXFileReference; lastKnownFileType = sourcecode.swift; path = "Sources/PaneHarbor/App/PrivacyAccessSettingsView.swift"; sourceTree = SOURCE_ROOT; };
C48684AD9C831B1E80C06D94 = { isa = PBXBuildFile; fileRef = B9C9846EC327F4C9CD971204; };
4BA14D3E18DB3D4F9B9361D7 = { isa = PBXFileReference; lastKnownFileType = sourcecode.swift; path = "Sources/PaneHarbor/App/RootView.swift"; sourceTree = SOURCE_ROOT; };
3F68F9BA5E7BF44D478AA5D7 = { isa = PBXBuildFile; fileRef = 4BA14D3E18DB3D4F9B9361D7; };
B041F48A67DED43DF53C12DD = { isa = PBXFileReference; lastKnownFileType = sourcecode.swift; path = "Sources/PaneHarbor/App/SavedDataRecoveryView.swift"; sourceTree = SOURCE_ROOT; };
45D7815B20CDE633FBA44376 = { isa = PBXBuildFile; fileRef = B041F48A67DED43DF53C12DD; };
F9EBE7E9D6D706067B5B2998 = { isa = PBXFileReference; lastKnownFileType = sourcecode.swift; path = "Sources/PaneHarbor/Domain/AdvancedSearchOptions.swift"; sourceTree = SOURCE_ROOT; };
9DB4C7AD6456C433348C552E = { isa = PBXBuildFile; fileRef = F9EBE7E9D6D706067B5B2998; };
8544CA65889D90C69D15AA9E = { isa = PBXFileReference; lastKnownFileType = sourcecode.swift; path = "Sources/PaneHarbor/Domain/ArchiveModels.swift"; sourceTree = SOURCE_ROOT; };
AC9112EB459FEBC14C118920 = { isa = PBXBuildFile; fileRef = 8544CA65889D90C69D15AA9E; };
672E1F555EF777D47CF9B9F4 = { isa = PBXFileReference; lastKnownFileType = sourcecode.swift; path = "Sources/PaneHarbor/Domain/ExplorerCommand.swift"; sourceTree = SOURCE_ROOT; };
A1113FCB9FFE50315D4998A5 = { isa = PBXBuildFile; fileRef = 672E1F555EF777D47CF9B9F4; };
9EE5FE2BBBEAA53CD7E4C31C = { isa = PBXFileReference; lastKnownFileType = sourcecode.swift; path = "Sources/PaneHarbor/Domain/ExplorerKeyCodeMapper.swift"; sourceTree = SOURCE_ROOT; };
34786C887A83B98BCFE7A336 = { isa = PBXBuildFile; fileRef = 9EE5FE2BBBEAA53CD7E4C31C; };
5D455D96594D0BF9C7C444BE = { isa = PBXFileReference; lastKnownFileType = sourcecode.swift; path = "Sources/PaneHarbor/Domain/ExplorerKeyboardShortcut.swift"; sourceTree = SOURCE_ROOT; };
83B83204426C87BB4C94BE81 = { isa = PBXBuildFile; fileRef = 5D455D96594D0BF9C7C444BE; };
0513E57C4CAF6AF8E4756807 = { isa = PBXFileReference; lastKnownFileType = sourcecode.swift; path = "Sources/PaneHarbor/Domain/ExplorerModels.swift"; sourceTree = SOURCE_ROOT; };
F31A0440C01B61D452406BFB = { isa = PBXBuildFile; fileRef = 0513E57C4CAF6AF8E4756807; };
FFFB035D8161840E6E018018 = { isa = PBXFileReference; lastKnownFileType = sourcecode.swift; path = "Sources/PaneHarbor/Domain/ExplorerSessionSnapshot.swift"; sourceTree = SOURCE_ROOT; };
F14C2639200EF450B2B79972 = { isa = PBXBuildFile; fileRef = FFFB035D8161840E6E018018; };
360F3DF733775414992B9C88 = { isa = PBXFileReference; lastKnownFileType = sourcecode.swift; path = "Sources/PaneHarbor/Domain/FileConflictModels.swift"; sourceTree = SOURCE_ROOT; };
CBAAE66FE37EEDE3D10F6DD6 = { isa = PBXBuildFile; fileRef = 360F3DF733775414992B9C88; };
EDF123E200B15FE33DD7DEB0 = { isa = PBXFileReference; lastKnownFileType = sourcecode.swift; path = "Sources/PaneHarbor/Domain/FileDropModels.swift"; sourceTree = SOURCE_ROOT; };
1AD783F042DF7C13BD4767D3 = { isa = PBXBuildFile; fileRef = EDF123E200B15FE33DD7DEB0; };
1210F73A917872B88DAA2148 = { isa = PBXFileReference; lastKnownFileType = sourcecode.swift; path = "Sources/PaneHarbor/Domain/FileEntry.swift"; sourceTree = SOURCE_ROOT; };
F237B6F0D72BBA0B24B59CB7 = { isa = PBXBuildFile; fileRef = 1210F73A917872B88DAA2148; };
A03F3422F6E6E9331F6593DC = { isa = PBXFileReference; lastKnownFileType = sourcecode.swift; path = "Sources/PaneHarbor/Domain/FileEntrySearchFilter.swift"; sourceTree = SOURCE_ROOT; };
936E27BB0C51FF93457991F1 = { isa = PBXBuildFile; fileRef = A03F3422F6E6E9331F6593DC; };
06721DE25269C9BE0BEFF496 = { isa = PBXFileReference; lastKnownFileType = sourcecode.swift; path = "Sources/PaneHarbor/Domain/FileMetadataFormatter.swift"; sourceTree = SOURCE_ROOT; };
324B8D34BA8E463B5BCF450B = { isa = PBXBuildFile; fileRef = 06721DE25269C9BE0BEFF496; };
CC2692FF37B85629E8BCB9D4 = { isa = PBXFileReference; lastKnownFileType = sourcecode.swift; path = "Sources/PaneHarbor/Domain/FileOperationProgress.swift"; sourceTree = SOURCE_ROOT; };
1C0DFC719FE4B644C11B48BA = { isa = PBXBuildFile; fileRef = CC2692FF37B85629E8BCB9D4; };
A930AE6BD56ECC1B335CCF1A = { isa = PBXFileReference; lastKnownFileType = sourcecode.swift; path = "Sources/PaneHarbor/Domain/FileOperationResult.swift"; sourceTree = SOURCE_ROOT; };
8F758E89E713C68B58D05677 = { isa = PBXBuildFile; fileRef = A930AE6BD56ECC1B335CCF1A; };
E02507675D082A8598B89812 = { isa = PBXFileReference; lastKnownFileType = sourcecode.swift; path = "Sources/PaneHarbor/Domain/FilePreviewContent.swift"; sourceTree = SOURCE_ROOT; };
526DF66CA4622D2B03590AEB = { isa = PBXBuildFile; fileRef = E02507675D082A8598B89812; };
634C7B62DF87B83C0C02C6AC = { isa = PBXFileReference; lastKnownFileType = sourcecode.swift; path = "Sources/PaneHarbor/Domain/FileUndoAction.swift"; sourceTree = SOURCE_ROOT; };
2AF8859E6A9E7AB741AB9C95 = { isa = PBXBuildFile; fileRef = 634C7B62DF87B83C0C02C6AC; };
167DE2A8F63C3AA2BBDE5ECD = { isa = PBXFileReference; lastKnownFileType = sourcecode.swift; path = "Sources/PaneHarbor/Domain/FinderTag.swift"; sourceTree = SOURCE_ROOT; };
A3477F3F5282685783BE887A = { isa = PBXBuildFile; fileRef = 167DE2A8F63C3AA2BBDE5ECD; };
46EED6B5E0CC7F3395EF21B1 = { isa = PBXFileReference; lastKnownFileType = sourcecode.swift; path = "Sources/PaneHarbor/Domain/FolderAccessGrant.swift"; sourceTree = SOURCE_ROOT; };
05110EB4AFCEE9A8B9776D2A = { isa = PBXBuildFile; fileRef = 46EED6B5E0CC7F3395EF21B1; };
56AB2EF999851AC98672EF13 = { isa = PBXFileReference; lastKnownFileType = sourcecode.swift; path = "Sources/PaneHarbor/Domain/InspectorModels.swift"; sourceTree = SOURCE_ROOT; };
8D6068A4CD581592AB93C3B3 = { isa = PBXBuildFile; fileRef = 56AB2EF999851AC98672EF13; };
3E5668ABF353B30553BB2A57 = { isa = PBXFileReference; lastKnownFileType = sourcecode.swift; path = "Sources/PaneHarbor/Domain/L10n.swift"; sourceTree = SOURCE_ROOT; };
15CAEBCABBF2111822043286 = { isa = PBXBuildFile; fileRef = 3E5668ABF353B30553BB2A57; };
C200F6A82F28E13F9A086FD7 = { isa = PBXFileReference; lastKnownFileType = sourcecode.swift; path = "Sources/PaneHarbor/Domain/MountedVolume.swift"; sourceTree = SOURCE_ROOT; };
CBC52AD2E902F4B8302DDADB = { isa = PBXBuildFile; fileRef = C200F6A82F28E13F9A086FD7; };
B54B88790E2A468378B5393A = { isa = PBXFileReference; lastKnownFileType = sourcecode.swift; path = "Sources/PaneHarbor/Domain/OpenWithApplication.swift"; sourceTree = SOURCE_ROOT; };
A038561673C56BC4B70309F0 = { isa = PBXBuildFile; fileRef = B54B88790E2A468378B5393A; };
24BE081843F714E5B9AC198B = { isa = PBXFileReference; lastKnownFileType = sourcecode.swift; path = "Sources/PaneHarbor/Domain/PathInputCommand.swift"; sourceTree = SOURCE_ROOT; };
2FF3D23C38A574612D3BD1C0 = { isa = PBXBuildFile; fileRef = 24BE081843F714E5B9AC198B; };
DE59F1613A1A63CB6391592C = { isa = PBXFileReference; lastKnownFileType = sourcecode.swift; path = "Sources/PaneHarbor/Domain/PermissionGuidance.swift"; sourceTree = SOURCE_ROOT; };
291857D66EEF8D582AE95E29 = { isa = PBXBuildFile; fileRef = DE59F1613A1A63CB6391592C; };
274E2B51460FBD0D99D5F297 = { isa = PBXFileReference; lastKnownFileType = sourcecode.swift; path = "Sources/PaneHarbor/Domain/SidebarModels.swift"; sourceTree = SOURCE_ROOT; };
DF390986467009ACFAD144BE = { isa = PBXBuildFile; fileRef = 274E2B51460FBD0D99D5F297; };
4F764CEDEAFDFAF4A28606FC = { isa = PBXFileReference; lastKnownFileType = sourcecode.swift; path = "Sources/PaneHarbor/Domain/SidebarUserLocations.swift"; sourceTree = SOURCE_ROOT; };
DCD40A8B8897C225288552A8 = { isa = PBXBuildFile; fileRef = 4F764CEDEAFDFAF4A28606FC; };
F724AB1E2B4BCC18BA5EF10E = { isa = PBXFileReference; lastKnownFileType = sourcecode.swift; path = "Sources/PaneHarbor/Services/AppKitFileConflictResolver.swift"; sourceTree = SOURCE_ROOT; };
6E253B99CF98BA066E2D72DC = { isa = PBXBuildFile; fileRef = F724AB1E2B4BCC18BA5EF10E; };
B8F7D9160246771310103B7B = { isa = PBXFileReference; lastKnownFileType = sourcecode.swift; path = "Sources/PaneHarbor/Services/ArchiveBrowsingService.swift"; sourceTree = SOURCE_ROOT; };
C6259291C073D4DF9D8DF7F7 = { isa = PBXBuildFile; fileRef = B8F7D9160246771310103B7B; };
8374D45B9823ADE0D389E538 = { isa = PBXFileReference; lastKnownFileType = sourcecode.swift; path = "Sources/PaneHarbor/Services/ArchivePathSafety.swift"; sourceTree = SOURCE_ROOT; };
61C907007FEBB426028370AB = { isa = PBXBuildFile; fileRef = 8374D45B9823ADE0D389E538; };
75AB0F34768BD60AB4396046 = { isa = PBXFileReference; lastKnownFileType = sourcecode.swift; path = "Sources/PaneHarbor/Services/ArchiveTemporaryArtifactStore.swift"; sourceTree = SOURCE_ROOT; };
892112C79123B9FEE0C7B318 = { isa = PBXBuildFile; fileRef = 75AB0F34768BD60AB4396046; };
39779E1E8D8D5C9BF10D2C9B = { isa = PBXFileReference; lastKnownFileType = sourcecode.swift; path = "Sources/PaneHarbor/Services/ArchiveTemporaryFileSystem.swift"; sourceTree = SOURCE_ROOT; };
204AFF7B487635ADA69E9F22 = { isa = PBXBuildFile; fileRef = 39779E1E8D8D5C9BF10D2C9B; };
4B0A1B13F96385FF22163A67 = { isa = PBXFileReference; lastKnownFileType = sourcecode.swift; path = "Sources/PaneHarbor/Services/BatchRenameService.swift"; sourceTree = SOURCE_ROOT; };
80499862C4A956A87DD505C1 = { isa = PBXBuildFile; fileRef = 4B0A1B13F96385FF22163A67; };
13689862725A5FBCD995B6EA = { isa = PBXFileReference; lastKnownFileType = sourcecode.swift; path = "Sources/PaneHarbor/Services/DefaultFileConflictResolver.swift"; sourceTree = SOURCE_ROOT; };
25EABB402651A8E58F50B654 = { isa = PBXBuildFile; fileRef = 13689862725A5FBCD995B6EA; };
5DA68F4F748C3AACE24051AE = { isa = PBXFileReference; lastKnownFileType = sourcecode.swift; path = "Sources/PaneHarbor/Services/DirectoryWatcherService.swift"; sourceTree = SOURCE_ROOT; };
22E17BE5C3BA5FD7110736F7 = { isa = PBXBuildFile; fileRef = 5DA68F4F748C3AACE24051AE; };
CC1C941BB22D2D3671A704EC = { isa = PBXFileReference; lastKnownFileType = sourcecode.swift; path = "Sources/PaneHarbor/Services/ExplorerSessionStore.swift"; sourceTree = SOURCE_ROOT; };
35B67AB803AF80E0244A7B00 = { isa = PBXBuildFile; fileRef = CC1C941BB22D2D3671A704EC; };
7E278BE15DFCC3CFAE37F1E5 = { isa = PBXFileReference; lastKnownFileType = sourcecode.swift; path = "Sources/PaneHarbor/Services/ExplorerSettingsStore.swift"; sourceTree = SOURCE_ROOT; };
EF469AEE4060F3F890D5A3B8 = { isa = PBXBuildFile; fileRef = 7E278BE15DFCC3CFAE37F1E5; };
5C660BCA384F29196169EE9B = { isa = PBXFileReference; lastKnownFileType = sourcecode.swift; path = "Sources/PaneHarbor/Services/ExternalAppLauncher.swift"; sourceTree = SOURCE_ROOT; };
64043CB8AD501D7E12DEA38A = { isa = PBXBuildFile; fileRef = 5C660BCA384F29196169EE9B; };
68340DF493BD3482026751A9 = { isa = PBXFileReference; lastKnownFileType = sourcecode.swift; path = "Sources/PaneHarbor/Services/ExternalOpenRequest.swift"; sourceTree = SOURCE_ROOT; };
418830A173CE3BD2C38AA173 = { isa = PBXBuildFile; fileRef = 68340DF493BD3482026751A9; };
987B430EF1E502C39A12BD84 = { isa = PBXFileReference; lastKnownFileType = sourcecode.swift; path = "Sources/PaneHarbor/Services/FileClipboard.swift"; sourceTree = SOURCE_ROOT; };
CC7B92FE79627EA23DDAA857 = { isa = PBXBuildFile; fileRef = 987B430EF1E502C39A12BD84; };
78C576F5221952D7B3DD0938 = { isa = PBXFileReference; lastKnownFileType = sourcecode.swift; path = "Sources/PaneHarbor/Services/FileDropPasteboardReader.swift"; sourceTree = SOURCE_ROOT; };
DDC1D42A623A56901FC96960 = { isa = PBXBuildFile; fileRef = 78C576F5221952D7B3DD0938; };
5565FA3F044A0C13604E7A24 = { isa = PBXFileReference; lastKnownFileType = sourcecode.swift; path = "Sources/PaneHarbor/Services/FileDropValidator.swift"; sourceTree = SOURCE_ROOT; };
960501EAD240735A9B2DA5B5 = { isa = PBXBuildFile; fileRef = 5565FA3F044A0C13604E7A24; };
41BB67BBD0D883A02941BCFA = { isa = PBXFileReference; lastKnownFileType = sourcecode.swift; path = "Sources/PaneHarbor/Services/FileOperationManifestBuilder.swift"; sourceTree = SOURCE_ROOT; };
5210C039202D3E39ECCE2201 = { isa = PBXBuildFile; fileRef = 41BB67BBD0D883A02941BCFA; };
7EE1F75DFE69A773C6B76386 = { isa = PBXFileReference; lastKnownFileType = sourcecode.swift; path = "Sources/PaneHarbor/Services/FileOperationProgressReporter.swift"; sourceTree = SOURCE_ROOT; };
94A231F79B5000AB4362F86F = { isa = PBXBuildFile; fileRef = 7EE1F75DFE69A773C6B76386; };
23EB52E77E74A8BCDFD3CB33 = { isa = PBXFileReference; lastKnownFileType = sourcecode.swift; path = "Sources/PaneHarbor/Services/FileOperationService.swift"; sourceTree = SOURCE_ROOT; };
1F0730A3F5E8CB24BDB0795B = { isa = PBXBuildFile; fileRef = 23EB52E77E74A8BCDFD3CB33; };
D9ED2C590296843126EA475F = { isa = PBXFileReference; lastKnownFileType = sourcecode.swift; path = "Sources/PaneHarbor/Services/FileSearchService.swift"; sourceTree = SOURCE_ROOT; };
EFBC3238CC918191DBBB5D35 = { isa = PBXBuildFile; fileRef = D9ED2C590296843126EA475F; };
B614D689DF9C7FD12234B4AC = { isa = PBXFileReference; lastKnownFileType = sourcecode.swift; path = "Sources/PaneHarbor/Services/FileSystemPathIdentity.swift"; sourceTree = SOURCE_ROOT; };
8C27A188D594365BD86DB9FB = { isa = PBXBuildFile; fileRef = B614D689DF9C7FD12234B4AC; };
C8207F7B9A77D6B6A5F6D9E8 = { isa = PBXFileReference; lastKnownFileType = sourcecode.swift; path = "Sources/PaneHarbor/Services/FileSystemService.swift"; sourceTree = SOURCE_ROOT; };
636EC41742693B63777E6DE8 = { isa = PBXBuildFile; fileRef = C8207F7B9A77D6B6A5F6D9E8; };
55EF6EF70D3467364255CC32 = { isa = PBXFileReference; lastKnownFileType = sourcecode.swift; path = "Sources/PaneHarbor/Services/FileSystemTreeSnapshot.swift"; sourceTree = SOURCE_ROOT; };
DDBC241C845F2BC50CB6A873 = { isa = PBXBuildFile; fileRef = 55EF6EF70D3467364255CC32; };
6DD8F1FBF10211CB4C12201C = { isa = PBXFileReference; lastKnownFileType = sourcecode.swift; path = "Sources/PaneHarbor/Services/FinderTagService.swift"; sourceTree = SOURCE_ROOT; };
B0269ACEAAA775B9354CD4CA = { isa = PBXBuildFile; fileRef = 6DD8F1FBF10211CB4C12201C; };
E6157B5CBC431767D373691F = { isa = PBXFileReference; lastKnownFileType = sourcecode.swift; path = "Sources/PaneHarbor/Services/FolderSizeService.swift"; sourceTree = SOURCE_ROOT; };
35C734145D763690102FA6E1 = { isa = PBXBuildFile; fileRef = E6157B5CBC431767D373691F; };
801752061A08D1078577E93A = { isa = PBXFileReference; lastKnownFileType = sourcecode.swift; path = "Sources/PaneHarbor/Services/PathInputCommandResolver.swift"; sourceTree = SOURCE_ROOT; };
8724FD238ED77A13DF49B3D0 = { isa = PBXBuildFile; fileRef = 801752061A08D1078577E93A; };
A997FEFE46DD5989B71F4463 = { isa = PBXFileReference; lastKnownFileType = sourcecode.swift; path = "Sources/PaneHarbor/Services/PathResolver.swift"; sourceTree = SOURCE_ROOT; };
942525BD8FAB94DE52A7B440 = { isa = PBXBuildFile; fileRef = A997FEFE46DD5989B71F4463; };
30527D88BFE7FB1E0D8DC864 = { isa = PBXFileReference; lastKnownFileType = sourcecode.swift; path = "Sources/PaneHarbor/Services/PathStatusChecker.swift"; sourceTree = SOURCE_ROOT; };
C3934287C2FF88927138BBF6 = { isa = PBXBuildFile; fileRef = 30527D88BFE7FB1E0D8DC864; };
67C1E501BCB96696A953F638 = { isa = PBXFileReference; lastKnownFileType = sourcecode.swift; path = "Sources/PaneHarbor/Services/QuickLookPreviewService.swift"; sourceTree = SOURCE_ROOT; };
9369D1F5E241C86911BE986F = { isa = PBXBuildFile; fileRef = 67C1E501BCB96696A953F638; };
2D23154989A40A87A921F902 = { isa = PBXFileReference; lastKnownFileType = sourcecode.swift; path = "Sources/PaneHarbor/Services/QuickLookPreviewSession.swift"; sourceTree = SOURCE_ROOT; };
9C2F3B2B0EFCA65895B2EC48 = { isa = PBXBuildFile; fileRef = 2D23154989A40A87A921F902; };
4979A03E51BFA35345EA47F3 = { isa = PBXFileReference; lastKnownFileType = sourcecode.swift; path = "Sources/PaneHarbor/Services/SMBServerAddress.swift"; sourceTree = SOURCE_ROOT; };
8076AB4947E603DF5CE92C8F = { isa = PBXBuildFile; fileRef = 4979A03E51BFA35345EA47F3; };
4B6F92E4AF798562F10071C5 = { isa = PBXFileReference; lastKnownFileType = sourcecode.swift; path = "Sources/PaneHarbor/Services/SecurityScopedBookmarkStore.swift"; sourceTree = SOURCE_ROOT; };
EE3327DB71F361154D6508EA = { isa = PBXBuildFile; fileRef = 4B6F92E4AF798562F10071C5; };
91B58500BDBC9D5E0FE25D5F = { isa = PBXFileReference; lastKnownFileType = sourcecode.swift; path = "Sources/PaneHarbor/Services/SidebarFavoritesStore.swift"; sourceTree = SOURCE_ROOT; };
83E5AD3F307DF7DF9543DB9D = { isa = PBXBuildFile; fileRef = 91B58500BDBC9D5E0FE25D5F; };
B4FB116398CCE58ABE58E3E4 = { isa = PBXFileReference; lastKnownFileType = sourcecode.swift; path = "Sources/PaneHarbor/Services/SortEngine.swift"; sourceTree = SOURCE_ROOT; };
FDE6DB95BD4586F7FE9F0BD1 = { isa = PBXBuildFile; fileRef = B4FB116398CCE58ABE58E3E4; };
E91318B17CFCB43BA9F65BF9 = { isa = PBXFileReference; lastKnownFileType = sourcecode.swift; path = "Sources/PaneHarbor/Services/UserSelectedFolderAccessService.swift"; sourceTree = SOURCE_ROOT; };
6CCFC1E4BDBE6F20C2E2C932 = { isa = PBXBuildFile; fileRef = E91318B17CFCB43BA9F65BF9; };
235693CA3E15DFE518F5B1E7 = { isa = PBXFileReference; lastKnownFileType = sourcecode.swift; path = "Sources/PaneHarbor/Services/VolumeService.swift"; sourceTree = SOURCE_ROOT; };
29C7BB73EA6CB0D5CE328113 = { isa = PBXBuildFile; fileRef = 235693CA3E15DFE518F5B1E7; };
182F8F75CF5A41EBC07950C7 = { isa = PBXFileReference; lastKnownFileType = sourcecode.swift; path = "Sources/PaneHarbor/Services/ZipCompressionService.swift"; sourceTree = SOURCE_ROOT; };
A9D9824D483E65A8B9210339 = { isa = PBXBuildFile; fileRef = 182F8F75CF5A41EBC07950C7; };
B1A2715F46504A60BD330BB3 = { isa = PBXFileReference; lastKnownFileType = sourcecode.swift; path = "Sources/PaneHarbor/Services/ZipExtractionService.swift"; sourceTree = SOURCE_ROOT; };
292DA0D2189ECC881AA0D4D1 = { isa = PBXBuildFile; fileRef = B1A2715F46504A60BD330BB3; };
9149A25E9A3B2895D3F10C34 = { isa = PBXFileReference; lastKnownFileType = sourcecode.swift; path = "Sources/PaneHarbor/Stores/ExplorerStore.swift"; sourceTree = SOURCE_ROOT; };
CD99FCD1BB199E25C558DD39 = { isa = PBXBuildFile; fileRef = 9149A25E9A3B2895D3F10C34; };
74CEC04AED66C4FF68322077 = { isa = PBXFileReference; lastKnownFileType = sourcecode.swift; path = "Sources/PaneHarbor/Stores/FolderTreeStore.swift"; sourceTree = SOURCE_ROOT; };
F51BD2588CC48F7642DAADE0 = { isa = PBXBuildFile; fileRef = 74CEC04AED66C4FF68322077; };
A5C619C049CB877B59AD4FA7 = { isa = PBXFileReference; lastKnownFileType = sourcecode.swift; path = "Sources/PaneHarbor/UI/AdvancedSearchControls.swift"; sourceTree = SOURCE_ROOT; };
D17ACDDA11A58105C0915DDB = { isa = PBXBuildFile; fileRef = A5C619C049CB877B59AD4FA7; };
7FAD613FA82E7E134596B53D = { isa = PBXFileReference; lastKnownFileType = sourcecode.swift; path = "Sources/PaneHarbor/UI/BatchRenameView.swift"; sourceTree = SOURCE_ROOT; };
8090AC97B163FAD0BCEC6F20 = { isa = PBXBuildFile; fileRef = 7FAD613FA82E7E134596B53D; };
E9778DB81F63DA1DB319AB8E = { isa = PBXFileReference; lastKnownFileType = sourcecode.swift; path = "Sources/PaneHarbor/UI/BreadcrumbView.swift"; sourceTree = SOURCE_ROOT; };
C9CE926ADA0B00714747242C = { isa = PBXBuildFile; fileRef = E9778DB81F63DA1DB319AB8E; };
CA268B69806EBC83E959E620 = { isa = PBXFileReference; lastKnownFileType = sourcecode.swift; path = "Sources/PaneHarbor/UI/FileEntryIconResolver.swift"; sourceTree = SOURCE_ROOT; };
D61D56CAE1D0052BC0CB80DF = { isa = PBXBuildFile; fileRef = CA268B69806EBC83E959E620; };
0B6830D1B8653040E4D5A83C = { isa = PBXFileReference; lastKnownFileType = sourcecode.swift; path = "Sources/PaneHarbor/UI/FileGridDragSource.swift"; sourceTree = SOURCE_ROOT; };
3B80A54C50375EEF04A66BDE = { isa = PBXBuildFile; fileRef = 0B6830D1B8653040E4D5A83C; };
E4E07E486E0ADF91C9265B3C = { isa = PBXFileReference; lastKnownFileType = sourcecode.swift; path = "Sources/PaneHarbor/UI/FileGridView.swift"; sourceTree = SOURCE_ROOT; };
7E2346F5FE993A774D5B4CFE = { isa = PBXBuildFile; fileRef = E4E07E486E0ADF91C9265B3C; };
98101EF12B6A1DCC8819102B = { isa = PBXFileReference; lastKnownFileType = sourcecode.swift; path = "Sources/PaneHarbor/UI/FilePreviewContentLoader.swift"; sourceTree = SOURCE_ROOT; };
339448270D586CB8778519A4 = { isa = PBXBuildFile; fileRef = 98101EF12B6A1DCC8819102B; };
5B910D895E94A6C8BE7A7074 = { isa = PBXFileReference; lastKnownFileType = sourcecode.swift; path = "Sources/PaneHarbor/UI/FilePreviewThumbnailLoader.swift"; sourceTree = SOURCE_ROOT; };
960065BD8779A42BB187120A = { isa = PBXBuildFile; fileRef = 5B910D895E94A6C8BE7A7074; };
8C0821C0515FBC01375EE7EB = { isa = PBXFileReference; lastKnownFileType = sourcecode.swift; path = "Sources/PaneHarbor/UI/FilePreviewView.swift"; sourceTree = SOURCE_ROOT; };
4C3344065DCDCFB9E1A9343C = { isa = PBXBuildFile; fileRef = 8C0821C0515FBC01375EE7EB; };
24B80599B125F1807F2DC408 = { isa = PBXFileReference; lastKnownFileType = sourcecode.swift; path = "Sources/PaneHarbor/UI/FileTableView.swift"; sourceTree = SOURCE_ROOT; };
9F34D67ED6ACB6361A33C46C = { isa = PBXBuildFile; fileRef = 24B80599B125F1807F2DC408; };
BCDF046C1EB53208933A323D = { isa = PBXFileReference; lastKnownFileType = sourcecode.swift; path = "Sources/PaneHarbor/UI/FolderTreeView.swift"; sourceTree = SOURCE_ROOT; };
E16A7FA02AC9BE25234BAED3 = { isa = PBXBuildFile; fileRef = BCDF046C1EB53208933A323D; };
005D9D130FC4FED0C17FF711 = { isa = PBXFileReference; lastKnownFileType = sourcecode.swift; path = "Sources/PaneHarbor/UI/InspectorView.swift"; sourceTree = SOURCE_ROOT; };
FCA45F947AD7C02D842CAA0C = { isa = PBXBuildFile; fileRef = 005D9D130FC4FED0C17FF711; };
8E21DC3C476E263EEEDA3855 = { isa = PBXFileReference; lastKnownFileType = sourcecode.swift; path = "Sources/PaneHarbor/UI/OperationProgressBanner.swift"; sourceTree = SOURCE_ROOT; };
7350E6DE19FE151C9C9C3F4A = { isa = PBXBuildFile; fileRef = 8E21DC3C476E263EEEDA3855; };
E9BC8E251A7005E669B79C45 = { isa = PBXFileReference; lastKnownFileType = sourcecode.swift; path = "Sources/PaneHarbor/UI/ServerConnectionView.swift"; sourceTree = SOURCE_ROOT; };
6746B11D338A688689AC4A83 = { isa = PBXBuildFile; fileRef = E9BC8E251A7005E669B79C45; };
27EAEF2F8C209B69EA7DC70B = { isa = PBXFileReference; lastKnownFileType = sourcecode.swift; path = "Sources/PaneHarbor/UI/SidebarView.swift"; sourceTree = SOURCE_ROOT; };
FE72AD47CD80721D1C547A81 = { isa = PBXBuildFile; fileRef = 27EAEF2F8C209B69EA7DC70B; };
C68FB328B814284A7F9B3D6E = { isa = PBXFileReference; lastKnownFileType = sourcecode.swift; path = "Sources/PaneHarbor/UI/ToolbarPathView.swift"; sourceTree = SOURCE_ROOT; };
6B3FF5E74AC17098A94D9BE2 = { isa = PBXBuildFile; fileRef = C68FB328B814284A7F9B3D6E; };
65C3514C7DE19B716704C53D = { isa = PBXFileReference; lastKnownFileType = image.icns; path = "Sources/PaneHarbor/Resources/AppIcon.icns"; sourceTree = SOURCE_ROOT; };
D05328213EE0E2A20B436E10 = { isa = PBXBuildFile; fileRef = 65C3514C7DE19B716704C53D; };
10D400ADEA7875E7BE43EE78 = { isa = PBXFileReference; lastKnownFileType = text.xml; path = "Sources/PaneHarbor/Resources/PrivacyInfo.xcprivacy"; sourceTree = SOURCE_ROOT; };
F861F0FF19C7E327B6FD4AAA = { isa = PBXBuildFile; fileRef = 10D400ADEA7875E7BE43EE78; };
9FA9D142348D778AD3747034 = { isa = PBXFileReference; lastKnownFileType = text; path = "Sources/PaneHarbor/Resources/ThirdPartyNotices.txt"; sourceTree = SOURCE_ROOT; };
A4A24DFB071E6FC3A5F2A9C6 = { isa = PBXBuildFile; fileRef = 9FA9D142348D778AD3747034; };
E623F9D7C6B4CDF5537FC21B = { isa = PBXFileReference; lastKnownFileType = text.plist.strings; name = en; path = "Sources/PaneHarbor/Resources/en.lproj/Localizable.strings"; sourceTree = SOURCE_ROOT; };
475CAC66AD30DF9D4D88CF04 = { isa = PBXFileReference; lastKnownFileType = text.plist.strings; name = ko; path = "Sources/PaneHarbor/Resources/ko.lproj/Localizable.strings"; sourceTree = SOURCE_ROOT; };
A3CACB75505CC02B52B47594 = { isa = PBXVariantGroup; children = (E623F9D7C6B4CDF5537FC21B,475CAC66AD30DF9D4D88CF04,); name = Localizable.strings; sourceTree = "<group>"; };
18781A05C2E42CED92124F6E = { isa = PBXBuildFile; fileRef = A3CACB75505CC02B52B47594; };
A8792157CB4F27FB949C035F = { isa = PBXFileReference; explicitFileType = wrapper.application; includeInIndex = 0; path = PaneHarbor.app; sourceTree = BUILT_PRODUCTS_DIR; };
0A3E27B8CA818264D75C8D81 = { isa = PBXGroup; children = (A8792157CB4F27FB949C035F,); name = Products; sourceTree = "<group>"; };
0D6E4079E36703EBD37C0072 = { isa = PBXGroup; children = (833FE3B449224679D85B042E,390F3CDBF8D1FACDEDBD17F2,B9C9846EC327F4C9CD971204,4BA14D3E18DB3D4F9B9361D7,B041F48A67DED43DF53C12DD,F9EBE7E9D6D706067B5B2998,8544CA65889D90C69D15AA9E,672E1F555EF777D47CF9B9F4,9EE5FE2BBBEAA53CD7E4C31C,5D455D96594D0BF9C7C444BE,0513E57C4CAF6AF8E4756807,FFFB035D8161840E6E018018,360F3DF733775414992B9C88,EDF123E200B15FE33DD7DEB0,1210F73A917872B88DAA2148,A03F3422F6E6E9331F6593DC,06721DE25269C9BE0BEFF496,CC2692FF37B85629E8BCB9D4,A930AE6BD56ECC1B335CCF1A,E02507675D082A8598B89812,634C7B62DF87B83C0C02C6AC,167DE2A8F63C3AA2BBDE5ECD,46EED6B5E0CC7F3395EF21B1,56AB2EF999851AC98672EF13,3E5668ABF353B30553BB2A57,C200F6A82F28E13F9A086FD7,B54B88790E2A468378B5393A,24BE081843F714E5B9AC198B,DE59F1613A1A63CB6391592C,274E2B51460FBD0D99D5F297,4F764CEDEAFDFAF4A28606FC,F724AB1E2B4BCC18BA5EF10E,B8F7D9160246771310103B7B,8374D45B9823ADE0D389E538,75AB0F34768BD60AB4396046,39779E1E8D8D5C9BF10D2C9B,4B0A1B13F96385FF22163A67,13689862725A5FBCD995B6EA,5DA68F4F748C3AACE24051AE,CC1C941BB22D2D3671A704EC,7E278BE15DFCC3CFAE37F1E5,5C660BCA384F29196169EE9B,68340DF493BD3482026751A9,987B430EF1E502C39A12BD84,78C576F5221952D7B3DD0938,5565FA3F044A0C13604E7A24,41BB67BBD0D883A02941BCFA,7EE1F75DFE69A773C6B76386,23EB52E77E74A8BCDFD3CB33,D9ED2C590296843126EA475F,B614D689DF9C7FD12234B4AC,C8207F7B9A77D6B6A5F6D9E8,55EF6EF70D3467364255CC32,6DD8F1FBF10211CB4C12201C,E6157B5CBC431767D373691F,801752061A08D1078577E93A,A997FEFE46DD5989B71F4463,30527D88BFE7FB1E0D8DC864,67C1E501BCB96696A953F638,2D23154989A40A87A921F902,4979A03E51BFA35345EA47F3,4B6F92E4AF798562F10071C5,91B58500BDBC9D5E0FE25D5F,B4FB116398CCE58ABE58E3E4,E91318B17CFCB43BA9F65BF9,235693CA3E15DFE518F5B1E7,182F8F75CF5A41EBC07950C7,B1A2715F46504A60BD330BB3,9149A25E9A3B2895D3F10C34,74CEC04AED66C4FF68322077,A5C619C049CB877B59AD4FA7,7FAD613FA82E7E134596B53D,E9778DB81F63DA1DB319AB8E,CA268B69806EBC83E959E620,0B6830D1B8653040E4D5A83C,E4E07E486E0ADF91C9265B3C,98101EF12B6A1DCC8819102B,5B910D895E94A6C8BE7A7074,8C0821C0515FBC01375EE7EB,24B80599B125F1807F2DC408,BCDF046C1EB53208933A323D,005D9D130FC4FED0C17FF711,8E21DC3C476E263EEEDA3855,E9BC8E251A7005E669B79C45,27EAEF2F8C209B69EA7DC70B,C68FB328B814284A7F9B3D6E,65C3514C7DE19B716704C53D,10D400ADEA7875E7BE43EE78,9FA9D142348D778AD3747034,A3CACB75505CC02B52B47594,0A3E27B8CA818264D75C8D81,); sourceTree = "<group>"; };
BC4A71180870F7945155FBB0 = { isa = XCLocalSwiftPackageReference; relativePath = Vendor/ZIPFoundation; };
D4FBAAB8AA8C04BCB933BED9 = { isa = XCSwiftPackageProductDependency; package = BC4A71180870F7945155FBB0; productName = ZIPFoundation; };
700818BB65E893A1E8BC92C8 = { isa = PBXBuildFile; productRef = D4FBAAB8AA8C04BCB933BED9; };
878A52FC5FF6A57D50B7B870 = { isa = PBXSourcesBuildPhase; buildActionMask = 2147483647; files = (2DDC2D1948192DA11962F3AA,0645451EB1D41EEBAB0F3797,C48684AD9C831B1E80C06D94,3F68F9BA5E7BF44D478AA5D7,45D7815B20CDE633FBA44376,9DB4C7AD6456C433348C552E,AC9112EB459FEBC14C118920,A1113FCB9FFE50315D4998A5,34786C887A83B98BCFE7A336,83B83204426C87BB4C94BE81,F31A0440C01B61D452406BFB,F14C2639200EF450B2B79972,CBAAE66FE37EEDE3D10F6DD6,1AD783F042DF7C13BD4767D3,F237B6F0D72BBA0B24B59CB7,936E27BB0C51FF93457991F1,324B8D34BA8E463B5BCF450B,1C0DFC719FE4B644C11B48BA,8F758E89E713C68B58D05677,526DF66CA4622D2B03590AEB,2AF8859E6A9E7AB741AB9C95,A3477F3F5282685783BE887A,05110EB4AFCEE9A8B9776D2A,8D6068A4CD581592AB93C3B3,15CAEBCABBF2111822043286,CBC52AD2E902F4B8302DDADB,A038561673C56BC4B70309F0,2FF3D23C38A574612D3BD1C0,291857D66EEF8D582AE95E29,DF390986467009ACFAD144BE,DCD40A8B8897C225288552A8,6E253B99CF98BA066E2D72DC,C6259291C073D4DF9D8DF7F7,61C907007FEBB426028370AB,892112C79123B9FEE0C7B318,204AFF7B487635ADA69E9F22,80499862C4A956A87DD505C1,25EABB402651A8E58F50B654,22E17BE5C3BA5FD7110736F7,35B67AB803AF80E0244A7B00,EF469AEE4060F3F890D5A3B8,64043CB8AD501D7E12DEA38A,418830A173CE3BD2C38AA173,CC7B92FE79627EA23DDAA857,DDC1D42A623A56901FC96960,960501EAD240735A9B2DA5B5,5210C039202D3E39ECCE2201,94A231F79B5000AB4362F86F,1F0730A3F5E8CB24BDB0795B,EFBC3238CC918191DBBB5D35,8C27A188D594365BD86DB9FB,636EC41742693B63777E6DE8,DDBC241C845F2BC50CB6A873,B0269ACEAAA775B9354CD4CA,35C734145D763690102FA6E1,8724FD238ED77A13DF49B3D0,942525BD8FAB94DE52A7B440,C3934287C2FF88927138BBF6,9369D1F5E241C86911BE986F,9C2F3B2B0EFCA65895B2EC48,8076AB4947E603DF5CE92C8F,EE3327DB71F361154D6508EA,83E5AD3F307DF7DF9543DB9D,FDE6DB95BD4586F7FE9F0BD1,6CCFC1E4BDBE6F20C2E2C932,29C7BB73EA6CB0D5CE328113,A9D9824D483E65A8B9210339,292DA0D2189ECC881AA0D4D1,CD99FCD1BB199E25C558DD39,F51BD2588CC48F7642DAADE0,D17ACDDA11A58105C0915DDB,8090AC97B163FAD0BCEC6F20,C9CE926ADA0B00714747242C,D61D56CAE1D0052BC0CB80DF,3B80A54C50375EEF04A66BDE,7E2346F5FE993A774D5B4CFE,339448270D586CB8778519A4,960065BD8779A42BB187120A,4C3344065DCDCFB9E1A9343C,9F34D67ED6ACB6361A33C46C,E16A7FA02AC9BE25234BAED3,FCA45F947AD7C02D842CAA0C,7350E6DE19FE151C9C9C3F4A,6746B11D338A688689AC4A83,FE72AD47CD80721D1C547A81,6B3FF5E74AC17098A94D9BE2,); runOnlyForDeploymentPostprocessing = 0; };
41D311A605520FC7B8B9A980 = { isa = PBXResourcesBuildPhase; buildActionMask = 2147483647; files = (D05328213EE0E2A20B436E10,F861F0FF19C7E327B6FD4AAA,A4A24DFB071E6FC3A5F2A9C6,18781A05C2E42CED92124F6E,); runOnlyForDeploymentPostprocessing = 0; };
E2AA269EB967A8853A258BFA = { isa = PBXFrameworksBuildPhase; buildActionMask = 2147483647; files = (700818BB65E893A1E8BC92C8,); runOnlyForDeploymentPostprocessing = 0; };
2B23A31EEC75B029432F2445 = { isa = XCBuildConfiguration; name = Debug; buildSettings = { SDKROOT = macosx; MACOSX_DEPLOYMENT_TARGET = 15.0; SWIFT_VERSION = 6.0; CLANG_ENABLE_MODULES = YES; }; };
EDDA600A3F771F810A8065C9 = { isa = XCBuildConfiguration; name = Debug; buildSettings = {
    PRODUCT_NAME = PaneHarbor; PRODUCT_BUNDLE_IDENTIFIER = com.biglol.paneharbor.mac;
    INFOPLIST_FILE = Config/Info.plist; GENERATE_INFOPLIST_FILE = NO;
    CODE_SIGN_ENTITLEMENTS = Config/PaneHarbor.entitlements; CODE_SIGN_STYLE = Automatic;
    ENABLE_APP_SANDBOX = YES; ENABLE_HARDENED_RUNTIME = YES; ENABLE_USER_SELECTED_FILES = readwrite;
    ENABLE_OUTGOING_NETWORK_CONNECTIONS = YES;
    COMBINE_HIDPI_IMAGES = YES; SWIFT_TREAT_WARNINGS_AS_ERRORS = YES;
    SWIFT_OPTIMIZATION_LEVEL = "-Onone";
    ONLY_ACTIVE_ARCH = YES;
    ARCHS = "$(ARCHS_STANDARD)"; MARKETING_VERSION = 0.1.0; CURRENT_PROJECT_VERSION = 1;
    LD_RUNPATH_SEARCH_PATHS = "$(inherited) @executable_path/../Frameworks";
    }; };
07CA1E69F6068DEA30A4DA6B = { isa = XCBuildConfiguration; name = Release; buildSettings = { SDKROOT = macosx; MACOSX_DEPLOYMENT_TARGET = 15.0; SWIFT_VERSION = 6.0; CLANG_ENABLE_MODULES = YES; }; };
594BCDCC96599D88EF772A08 = { isa = XCBuildConfiguration; name = Release; buildSettings = {
    PRODUCT_NAME = PaneHarbor; PRODUCT_BUNDLE_IDENTIFIER = com.biglol.paneharbor.mac;
    INFOPLIST_FILE = Config/Info.plist; GENERATE_INFOPLIST_FILE = NO;
    CODE_SIGN_ENTITLEMENTS = Config/PaneHarbor.entitlements; CODE_SIGN_STYLE = Automatic;
    ENABLE_APP_SANDBOX = YES; ENABLE_HARDENED_RUNTIME = YES; ENABLE_USER_SELECTED_FILES = readwrite;
    ENABLE_OUTGOING_NETWORK_CONNECTIONS = YES;
    COMBINE_HIDPI_IMAGES = YES; SWIFT_TREAT_WARNINGS_AS_ERRORS = YES;
    SWIFT_OPTIMIZATION_LEVEL = "-O";
    ONLY_ACTIVE_ARCH = NO;
    ARCHS = "$(ARCHS_STANDARD)"; MARKETING_VERSION = 0.1.0; CURRENT_PROJECT_VERSION = 1;
    LD_RUNPATH_SEARCH_PATHS = "$(inherited) @executable_path/../Frameworks";
    }; };
B4E10CAA9C5E22150B71559C = { isa = XCConfigurationList; buildConfigurations = (2B23A31EEC75B029432F2445,07CA1E69F6068DEA30A4DA6B,); defaultConfigurationIsVisible = 0; defaultConfigurationName = Release; };
4A807E8A027297B0B93701FB = { isa = XCConfigurationList; buildConfigurations = (EDDA600A3F771F810A8065C9,594BCDCC96599D88EF772A08,); defaultConfigurationIsVisible = 0; defaultConfigurationName = Release; };
34A04005BCAF206EEC990BD9 = { isa = PBXNativeTarget; buildConfigurationList = 4A807E8A027297B0B93701FB; buildPhases = (878A52FC5FF6A57D50B7B870,E2AA269EB967A8853A258BFA,41D311A605520FC7B8B9A980,); buildRules = (); dependencies = (); name = PaneHarbor; productName = PaneHarbor; productReference = A8792157CB4F27FB949C035F; productType = "com.apple.product-type.application"; packageProductDependencies = (D4FBAAB8AA8C04BCB933BED9,); };
244210E48437B6556980A702 = { isa = PBXProject; attributes = { LastUpgradeCheck = 2600; }; buildConfigurationList = B4E10CAA9C5E22150B71559C; compatibilityVersion = "Xcode 14.0"; developmentRegion = en; hasScannedForEncodings = 0; knownRegions = (en,ko,Base,); mainGroup = 0D6E4079E36703EBD37C0072; productRefGroup = 0A3E27B8CA818264D75C8D81; projectDirPath = ""; projectRoot = ""; targets = (34A04005BCAF206EEC990BD9,); packageReferences = (BC4A71180870F7945155FBB0,); };
}; rootObject = 244210E48437B6556980A702; }
