// !$*UTF8*$!
{ archiveVersion = 1; classes = {}; objectVersion = 56; objects = {
6EE04462688067F4FB62CDAB = { isa = PBXFileReference; lastKnownFileType = sourcecode.swift; path = "Sources/App/AccessAndWatch.swift"; sourceTree = SOURCE_ROOT; };
913A77544B79075AE5D6DCD9 = { isa = PBXBuildFile; fileRef = 6EE04462688067F4FB62CDAB; };
C1564F1D0EFAC8F18D6AC93F = { isa = PBXFileReference; lastKnownFileType = sourcecode.swift; path = "Sources/App/AppModel.swift"; sourceTree = SOURCE_ROOT; };
C2E56B095785159293063D21 = { isa = PBXBuildFile; fileRef = C1564F1D0EFAC8F18D6AC93F; };
E5D1A6215286B85D8319133C = { isa = PBXFileReference; lastKnownFileType = sourcecode.swift; path = "Sources/App/AppQA.swift"; sourceTree = SOURCE_ROOT; };
E5C634669DDD4E3ED15C406A = { isa = PBXBuildFile; fileRef = E5D1A6215286B85D8319133C; };
20B365C0A250E2729BDAB116 = { isa = PBXFileReference; lastKnownFileType = sourcecode.swift; path = "Sources/App/EditorWebView.swift"; sourceTree = SOURCE_ROOT; };
6761B4C6FF394E537A66087D = { isa = PBXBuildFile; fileRef = 20B365C0A250E2729BDAB116; };
0B27036FBC79CF73E2FB2BE4 = { isa = PBXFileReference; lastKnownFileType = sourcecode.swift; path = "Sources/App/FileRevealQA.swift"; sourceTree = SOURCE_ROOT; };
239FBAE3C5C95E9FBFECBCCF = { isa = PBXBuildFile; fileRef = 0B27036FBC79CF73E2FB2BE4; };
30A73EDA1DFB2D55D4C13461 = { isa = PBXFileReference; lastKnownFileType = sourcecode.swift; path = "Sources/App/FolderSearchView.swift"; sourceTree = SOURCE_ROOT; };
D81EFA7B9C816488B96CE171 = { isa = PBXBuildFile; fileRef = 30A73EDA1DFB2D55D4C13461; };
23F2B74AEE981821D13253F4 = { isa = PBXFileReference; lastKnownFileType = sourcecode.swift; path = "Sources/App/HTMLPrintRenderer.swift"; sourceTree = SOURCE_ROOT; };
BC5556B9818045F27ED9D81E = { isa = PBXBuildFile; fileRef = 23F2B74AEE981821D13253F4; };
39FDF6EE54F3732B01E73396 = { isa = PBXFileReference; lastKnownFileType = sourcecode.swift; path = "Sources/App/MyMarkdownViewerApp.swift"; sourceTree = SOURCE_ROOT; };
7478C5C9B2B03C43F19990E1 = { isa = PBXBuildFile; fileRef = 39FDF6EE54F3732B01E73396; };
43ED3D98E0B2089F7153623E = { isa = PBXFileReference; lastKnownFileType = sourcecode.swift; path = "Sources/App/OutlineSidebarView.swift"; sourceTree = SOURCE_ROOT; };
E97E7C6EAB793E881F053554 = { isa = PBXBuildFile; fileRef = 43ED3D98E0B2089F7153623E; };
D99495F5779E4AE83C503244 = { isa = PBXFileReference; lastKnownFileType = sourcecode.swift; path = "Sources/App/SessionQA.swift"; sourceTree = SOURCE_ROOT; };
F44D534A1A0E0ACFEA491383 = { isa = PBXBuildFile; fileRef = D99495F5779E4AE83C503244; };
BFAB8BC53FF4093CB96C421E = { isa = PBXFileReference; lastKnownFileType = sourcecode.swift; path = "Sources/App/WorkspaceView.swift"; sourceTree = SOURCE_ROOT; };
755D855B0AAA12F3B82958CD = { isa = PBXBuildFile; fileRef = BFAB8BC53FF4093CB96C421E; };
65604745607EFBC188C00661 = { isa = PBXFileReference; lastKnownFileType = sourcecode.swift; path = "Sources/Core/DocumentCodec.swift"; sourceTree = SOURCE_ROOT; };
5D18711710E40847F43F70BF = { isa = PBXBuildFile; fileRef = 65604745607EFBC188C00661; };
08730A0D511FA72D183D5F31 = { isa = PBXFileReference; lastKnownFileType = sourcecode.swift; path = "Sources/Core/FileStore.swift"; sourceTree = SOURCE_ROOT; };
031DF5D086F26B6B6BFBB790 = { isa = PBXBuildFile; fileRef = 08730A0D511FA72D183D5F31; };
F2DEB18F835A6C1B0172E5AA = { isa = PBXFileReference; lastKnownFileType = sourcecode.swift; path = "Sources/Core/FileTreeProjection.swift"; sourceTree = SOURCE_ROOT; };
5EE75DBEB38EC6A33FEDF495 = { isa = PBXBuildFile; fileRef = F2DEB18F835A6C1B0172E5AA; };
6A6507A5442BE215CDC9A819 = { isa = PBXFileReference; lastKnownFileType = sourcecode.swift; path = "Sources/Core/FileTreeReveal.swift"; sourceTree = SOURCE_ROOT; };
1F3D57973213CCF10DC6F387 = { isa = PBXBuildFile; fileRef = 6A6507A5442BE215CDC9A819; };
2946EA50260A857DB7A63F20 = { isa = PBXFileReference; lastKnownFileType = sourcecode.swift; path = "Sources/Core/FolderSearch.swift"; sourceTree = SOURCE_ROOT; };
EC9B556D8E074AE4019F26E2 = { isa = PBXBuildFile; fileRef = 2946EA50260A857DB7A63F20; };
E607BF78BF60F2F277AE7B1B = { isa = PBXFileReference; lastKnownFileType = sourcecode.swift; path = "Sources/Core/OutlineNavigation.swift"; sourceTree = SOURCE_ROOT; };
5C8A9A2D6009610D8A16A00D = { isa = PBXBuildFile; fileRef = E607BF78BF60F2F277AE7B1B; };
B30DF29BBAFF710990586F20 = { isa = PBXFileReference; lastKnownFileType = sourcecode.swift; path = "Sources/Core/ReadingPosition.swift"; sourceTree = SOURCE_ROOT; };
3849A64D4B80B01D3B7E7246 = { isa = PBXBuildFile; fileRef = B30DF29BBAFF710990586F20; };
38C9464BDCB91E619B02C0A7 = { isa = PBXFileReference; lastKnownFileType = sourcecode.swift; path = "Sources/Core/Settings.swift"; sourceTree = SOURCE_ROOT; };
284EA43B2B5DABE9552EB960 = { isa = PBXBuildFile; fileRef = 38C9464BDCB91E619B02C0A7; };
973EB4E412E700CB5665CE4C = { isa = PBXFileReference; lastKnownFileType = sourcecode.swift; path = "Sources/Core/WorkspaceFiles.swift"; sourceTree = SOURCE_ROOT; };
52ED3AEAB7B8FEB4AA5CB0BC = { isa = PBXBuildFile; fileRef = 973EB4E412E700CB5665CE4C; };
BD3083F1DB0D2DCC43E02311 = { isa = PBXFileReference; lastKnownFileType = folder; path = "Sources/App/Resources/Editor"; sourceTree = SOURCE_ROOT; };
995D5F349097E46AADCB012E = { isa = PBXBuildFile; fileRef = BD3083F1DB0D2DCC43E02311; };
D79EC6B6032B928792161BF2 = { isa = PBXFileReference; lastKnownFileType = image.icns; path = "Sources/App/Resources/AppIcon.icns"; sourceTree = SOURCE_ROOT; };
99911FAA79B0A4CDF9F5EB62 = { isa = PBXBuildFile; fileRef = D79EC6B6032B928792161BF2; };
74425BE67C217A657FDE1F1D = { isa = PBXFileReference; lastKnownFileType = text; path = "Sources/App/Resources/ThirdPartyNotices.txt"; sourceTree = SOURCE_ROOT; };
F17E3B12C23AF583FEC7C317 = { isa = PBXBuildFile; fileRef = 74425BE67C217A657FDE1F1D; };
A8792157CB4F27FB949C035F = { isa = PBXFileReference; explicitFileType = wrapper.application; path = MyMarkdownViewer.app; sourceTree = BUILT_PRODUCTS_DIR; };
0A3E27B8CA818264D75C8D81 = { isa = PBXGroup; name = Products; children = (A8792157CB4F27FB949C035F,); sourceTree = "<group>"; };
0035FE99EA2940F7FA633A58 = { isa = PBXGroup; children = (6EE04462688067F4FB62CDAB, C1564F1D0EFAC8F18D6AC93F, E5D1A6215286B85D8319133C, 20B365C0A250E2729BDAB116, 0B27036FBC79CF73E2FB2BE4, 30A73EDA1DFB2D55D4C13461, 23F2B74AEE981821D13253F4, 39FDF6EE54F3732B01E73396, 43ED3D98E0B2089F7153623E, D99495F5779E4AE83C503244, BFAB8BC53FF4093CB96C421E, 65604745607EFBC188C00661, 08730A0D511FA72D183D5F31, F2DEB18F835A6C1B0172E5AA, 6A6507A5442BE215CDC9A819, 2946EA50260A857DB7A63F20, E607BF78BF60F2F277AE7B1B, B30DF29BBAFF710990586F20, 38C9464BDCB91E619B02C0A7, 973EB4E412E700CB5665CE4C, BD3083F1DB0D2DCC43E02311, D79EC6B6032B928792161BF2, 74425BE67C217A657FDE1F1D, 0A3E27B8CA818264D75C8D81,); sourceTree = "<group>"; };
878A52FC5FF6A57D50B7B870 = { isa = PBXSourcesBuildPhase; buildActionMask = 2147483647; files = (913A77544B79075AE5D6DCD9, C2E56B095785159293063D21, E5C634669DDD4E3ED15C406A, 6761B4C6FF394E537A66087D, 239FBAE3C5C95E9FBFECBCCF, D81EFA7B9C816488B96CE171, BC5556B9818045F27ED9D81E, 7478C5C9B2B03C43F19990E1, E97E7C6EAB793E881F053554, F44D534A1A0E0ACFEA491383, 755D855B0AAA12F3B82958CD, 5D18711710E40847F43F70BF, 031DF5D086F26B6B6BFBB790, 5EE75DBEB38EC6A33FEDF495, 1F3D57973213CCF10DC6F387, EC9B556D8E074AE4019F26E2, 5C8A9A2D6009610D8A16A00D, 3849A64D4B80B01D3B7E7246, 284EA43B2B5DABE9552EB960, 52ED3AEAB7B8FEB4AA5CB0BC,); runOnlyForDeploymentPostprocessing = 0; };
41D311A605520FC7B8B9A980 = { isa = PBXResourcesBuildPhase; buildActionMask = 2147483647; files = (995D5F349097E46AADCB012E, 99911FAA79B0A4CDF9F5EB62, F17E3B12C23AF583FEC7C317,); runOnlyForDeploymentPostprocessing = 0; };
E2AA269EB967A8853A258BFA = { isa = PBXFrameworksBuildPhase; buildActionMask = 2147483647; files = (); runOnlyForDeploymentPostprocessing = 0; };
2B23A31EEC75B029432F2445 = { isa = XCBuildConfiguration; name = Debug; buildSettings = { MACOSX_DEPLOYMENT_TARGET = 14.0; SDKROOT = macosx; SWIFT_VERSION = 6.0; CLANG_ENABLE_MODULES = YES; }; };
EDDA600A3F771F810A8065C9 = { isa = XCBuildConfiguration; name = Debug; buildSettings = {
        PRODUCT_NAME = MyMarkdownViewer; PRODUCT_BUNDLE_IDENTIFIER = com.personal.MyMarkdownViewer;
        INFOPLIST_FILE = Resources/Info.plist; GENERATE_INFOPLIST_FILE = NO;
        CODE_SIGN_ENTITLEMENTS = Resources/MyMarkdownViewer.entitlements;
        ENABLE_APP_SANDBOX = YES; ENABLE_HARDENED_RUNTIME = YES;
        CODE_SIGN_STYLE = Manual; CODE_SIGN_IDENTITY = "-";
        SWIFT_OPTIMIZATION_LEVEL = "-Onone"; SWIFT_STRICT_CONCURRENCY = complete;
        LD_RUNPATH_SEARCH_PATHS = "$(inherited) @executable_path/../Frameworks";
        COMBINE_HIDPI_IMAGES = YES; SWIFT_EMIT_LOC_STRINGS = NO;
    }; };
07CA1E69F6068DEA30A4DA6B = { isa = XCBuildConfiguration; name = Release; buildSettings = { MACOSX_DEPLOYMENT_TARGET = 14.0; SDKROOT = macosx; SWIFT_VERSION = 6.0; CLANG_ENABLE_MODULES = YES; }; };
594BCDCC96599D88EF772A08 = { isa = XCBuildConfiguration; name = Release; buildSettings = {
        PRODUCT_NAME = MyMarkdownViewer; PRODUCT_BUNDLE_IDENTIFIER = com.personal.MyMarkdownViewer;
        INFOPLIST_FILE = Resources/Info.plist; GENERATE_INFOPLIST_FILE = NO;
        CODE_SIGN_ENTITLEMENTS = Resources/MyMarkdownViewer.entitlements;
        ENABLE_APP_SANDBOX = YES; ENABLE_HARDENED_RUNTIME = YES;
        CODE_SIGN_STYLE = Manual; CODE_SIGN_IDENTITY = "-";
        SWIFT_OPTIMIZATION_LEVEL = "-O"; SWIFT_STRICT_CONCURRENCY = complete;
        LD_RUNPATH_SEARCH_PATHS = "$(inherited) @executable_path/../Frameworks";
        COMBINE_HIDPI_IMAGES = YES; SWIFT_EMIT_LOC_STRINGS = NO;
    }; };
AAB2723FF2C8E6D1C298C1E4 = { isa = XCConfigurationList; buildConfigurations = (2B23A31EEC75B029432F2445, 07CA1E69F6068DEA30A4DA6B,); defaultConfigurationIsVisible = 0; defaultConfigurationName = Release; };
04229C262AC03CB8C1234C52 = { isa = XCConfigurationList; buildConfigurations = (EDDA600A3F771F810A8065C9, 594BCDCC96599D88EF772A08,); defaultConfigurationIsVisible = 0; defaultConfigurationName = Release; };
AC44A5EE06496B21A17CA082 = { isa = PBXNativeTarget; buildConfigurationList = 04229C262AC03CB8C1234C52; buildPhases = (878A52FC5FF6A57D50B7B870, E2AA269EB967A8853A258BFA, 41D311A605520FC7B8B9A980,); buildRules = (); dependencies = (); name = MyMarkdownViewer; productName = MyMarkdownViewer; productReference = A8792157CB4F27FB949C035F; productType = "com.apple.product-type.application"; };
244210E48437B6556980A702 = { isa = PBXProject; attributes = { LastUpgradeCheck = 2600; }; buildConfigurationList = AAB2723FF2C8E6D1C298C1E4; compatibilityVersion = "Xcode 14.0"; developmentRegion = ko; hasScannedForEncodings = 0; knownRegions = (ko,en,Base); mainGroup = 0035FE99EA2940F7FA633A58; productRefGroup = 0A3E27B8CA818264D75C8D81; projectDirPath = ""; projectRoot = ""; targets = (AC44A5EE06496B21A17CA082,); };
}; rootObject = 244210E48437B6556980A702; }
